
Microsoft Visual Studio Solution File, Format Version 12.00
# Visual Studio Version 16
VisualStudioVersion = 16.0.30503.244
MinimumVisualStudioVersion = 10.0.40219.1
Project("{8BC9CEB8-8B4A-11D0-8D11-00A0C91BC942}") = "TaskZero", "TaskZero\TaskZero.vcxproj", "{EB8D0A5C-F85F-4638-BC55-B4097360797B}"
EndProject
Project("{8BC9CEB8-8B4A-11D0-8D11-00A0C91BC942}") = "TaskOne", "TaskOne\TaskOne.vcxproj", "{09DF8FD2-D25F-40F3-ACF5-4799B283E117}"
EndProject
Project("{8BC9CEB8-8B4A-11D0-8D11-00A0C91BC942}") = "TaskTwo", "TaskTwo\TaskTwo.vcxproj", "{0BAD5788-5D30-49E4-BB90-A3B37936675F}"
EndProject
Project("{8BC9CEB8-8B4A-11D0-8D11-00A0C91BC942}") = "TaskThree", "TaskThree\TaskThree.vcxproj", "{2AE396D4-FEC9-402F-B8EF-8C804A6F6C52}"
EndProject
Project("{8BC9CEB8-8B4A-11D0-8D11-00A0C91BC942}") = "TaskFour", "TaskFour\TaskFour.vcxproj", "{6C8B0FCD-B328-4AF5-97B6-37F275C91BFB}"
EndProject
Project("{8BC9CEB8-8B4A-11D0-8D11-00A0C91BC942}") = "TaskFive", "TaskFive\TaskFive.vcxproj", "{D46D5869-40D0-47D2-B3A1-31A6D46D624D}"
EndProject
Project("{8BC9CEB8-8B4A-11D0-8D11-00A0C91BC942}") = "TaskSix", "TaskSix\TaskSix.vcxproj", "{6498FD64-0B0F-4494-A105-08C0B1A6C941}"
EndProject
Project("{8BC9CEB8-8B4A-11D0-8D11-00A0C91BC942}") = "TaskSeven", "TaskSeven\TaskSeven.vcxproj", "{1A6ED5CB-372F-4432-ABA7-D54657CF6E07}"
EndProject
Project("{8BC9CEB8-8B4A-11D0-8D11-00A0C91BC942}") = "TaskEight", "TaskEight\TaskEight.vcxproj", "{3044DB4A-099F-47BB-B505-78F813D13E6A}"
EndProject
Project("{8BC9CEB8-8B4A-11D0-8D11-00A0C91BC942}") = "TaskNine", "TaskNine\TaskNine.vcxproj", "{396E8642-F39E-4818-A810-96A665EC127F}"
EndProject
Project("{8BC9CEB8-8B4A-11D0-8D11-00A0C91BC942}") = "TaskTen", "TaskTen\TaskTen.vcxproj", "{87352EE6-9F38-4F3A-AA0C-1854051793DA}"
EndProject
Global
	GlobalSection(SolutionConfigurationPlatforms) = preSolution
		Debug|x64 = Debug|x64
		Debug|x86 = Debug|x86
		Release|x64 = Release|x64
		Release|x86 = Release|x86
	EndGlobalSection
	GlobalSection(ProjectConfigurationPlatforms) = postSolution
		{EB8D0A5C-F85F-4638-BC55-B4097360797B}.Debug|x64.ActiveCfg = Debug|x64
		{EB8D0A5C-F85F-4638-BC55-B4097360797B}.Debug|x64.Build.0 = Debug|x64
		{EB8D0A5C-F85F-4638-BC55-B4097360797B}.Debug|x86.ActiveCfg = Debug|Win32
		{EB8D0A5C-F85F-4638-BC55-B4097360797B}.Debug|x86.Build.0 = Debug|Win32
		{EB8D0A5C-F85F-4638-BC55-B4097360797B}.Release|x64.ActiveCfg = Release|x64
		{EB8D0A5C-F85F-4638-BC55-B4097360797B}.Release|x64.Build.0 = Release|x64
		{EB8D0A5C-F85F-4638-BC55-B4097360797B}.Release|x86.ActiveCfg = Release|Win32
		{EB8D0A5C-F85F-4638-BC55-B4097360797B}.Release|x86.Build.0 = Release|Win32
		{09DF8FD2-D25F-40F3-ACF5-4799B283E117}.Debug|x64.ActiveCfg = Debug|x64
		{09DF8FD2-D25F-40F3-ACF5-4799B283E117}.Debug|x64.Build.0 = Debug|x64
		{09DF8FD2-D25F-40F3-ACF5-4799B283E117}.Debug|x86.ActiveCfg = Debug|Win32
		{09DF8FD2-D25F-40F3-ACF5-4799B283E117}.Debug|x86.Build.0 = Debug|Win32
		{09DF8FD2-D25F-40F3-ACF5-4799B283E117}.Release|x64.ActiveCfg = Release|x64
		{09DF8FD2-D25F-40F3-ACF5-4799B283E117}.Release|x64.Build.0 = Release|x64
		{09DF8FD2-D25F-40F3-ACF5-4799B283E117}.Release|x86.ActiveCfg = Release|Win32
		{09DF8FD2-D25F-40F3-ACF5-4799B283E117}.Release|x86.Build.0 = Release|Win32
		{0BAD5788-5D30-49E4-BB90-A3B37936675F}.Debug|x64.ActiveCfg = Debug|x64
		{0BAD5788-5D30-49E4-BB90-A3B37936675F}.Debug|x64.Build.0 = Debug|x64
		{0BAD5788-5D30-49E4-BB90-A3B37936675F}.Debug|x86.ActiveCfg = Debug|Win32
		{0BAD5788-5D30-49E4-BB90-A3B37936675F}.Debug|x86.Build.0 = Debug|Win32
		{0BAD5788-5D30-49E4-BB90-A3B37936675F}.Release|x64.ActiveCfg = Release|x64
		{0BAD5788-5D30-49E4-BB90-A3B37936675F}.Release|x64.Build.0 = Release|x64
		{0BAD5788-5D30-49E4-BB90-A3B37936675F}.Release|x86.ActiveCfg = Release|Win32
		{0BAD5788-5D30-49E4-BB90-A3B37936675F}.Release|x86.Build.0 = Release|Win32
		{2AE396D4-FEC9-402F-B8EF-8C804A6F6C52}.Debug|x64.ActiveCfg = Debug|x64
		{2AE396D4-FEC9-402F-B8EF-8C804A6F6C52}.Debug|x64.Build.0 = Debug|x64
		{2AE396D4-FEC9-402F-B8EF-8C804A6F6C52}.Debug|x86.ActiveCfg = Debug|Win32
		{2AE396D4-FEC9-402F-B8EF-8C804A6F6C52}.Debug|x86.Build.0 = Debug|Win32
		{2AE396D4-FEC9-402F-B8EF-8C804A6F6C52}.Release|x64.ActiveCfg = Release|x64
		{2AE396D4-FEC9-402F-B8EF-8C804A6F6C52}.Release|x64.Build.0 = Release|x64
		{2AE396D4-FEC9-402F-B8EF-8C804A6F6C52}.Release|x86.ActiveCfg = Release|Win32
		{2AE396D4-FEC9-402F-B8EF-8C804A6F6C52}.Release|x86.Build.0 = Release|Win32
		{6C8B0FCD-B328-4AF5-97B6-37F275C91BFB}.Debug|x64.ActiveCfg = Debug|x64
		{6C8B0FCD-B328-4AF5-97B6-37F275C91BFB}.Debug|x64.Build.0 = Debug|x64
		{6C8B0FCD-B328-4AF5-97B6-37F275C91BFB}.Debug|x86.ActiveCfg = Debug|Win32
		{6C8B0FCD-B328-4AF5-97B6-37F275C91BFB}.Debug|x86.Build.0 = Debug|Win32
		{6C8B0FCD-B328-4AF5-97B6-37F275C91BFB}.Release|x64.ActiveCfg = Release|x64
		{6C8B0FCD-B328-4AF5-97B6-37F275C91BFB}.Release|x64.Build.0 = Release|x64
		{6C8B0FCD-B328-4AF5-97B6-37F275C91BFB}.Release|x86.ActiveCfg = Release|Win32
		{6C8B0FCD-B328-4AF5-97B6-37F275C91BFB}.Release|x86.Build.0 = Release|Win32
		{D46D5869-40D0-47D2-B3A1-31A6D46D624D}.Debug|x64.ActiveCfg = Debug|x64
		{D46D5869-40D0-47D2-B3A1-31A6D46D624D}.Debug|x64.Build.0 = Debug|x64
		{D46D5869-40D0-47D2-B3A1-31A6D46D624D}.Debug|x86.ActiveCfg = Debug|Win32
		{D46D5869-40D0-47D2-B3A1-31A6D46D624D}.Debug|x86.Build.0 = Debug|Win32
		{D46D5869-40D0-47D2-B3A1-31A6D46D624D}.Release|x64.ActiveCfg = Release|x64
		{D46D5869-40D0-47D2-B3A1-31A6D46D624D}.Release|x64.Build.0 = Release|x64
		{D46D5869-40D0-47D2-B3A1-31A6D46D624D}.Release|x86.ActiveCfg = Release|Win32
		{D46D5869-40D0-47D2-B3A1-31A6D46D624D}.Release|x86.Build.0 = Release|Win32
		{6498FD64-0B0F-4494-A105-08C0B1A6C941}.Debug|x64.ActiveCfg = Debug|x64
		{6498FD64-0B0F-4494-A105-08C0B1A6C941}.Debug|x64.Build.0 = Debug|x64
		{6498FD64-0B0F-4494-A105-08C0B1A6C941}.Debug|x86.ActiveCfg = Debug|Win32
		{6498FD64-0B0F-4494-A105-08C0B1A6C941}.Debug|x86.Build.0 = Debug|Win32
		{6498FD64-0B0F-4494-A105-08C0B1A6C941}.Release|x64.ActiveCfg = Release|x64
		{6498FD64-0B0F-4494-A105-08C0B1A6C941}.Release|x64.Build.0 = Release|x64
		{6498FD64-0B0F-4494-A105-08C0B1A6C941}.Release|x86.ActiveCfg = Release|Win32
		{6498FD64-0B0F-4494-A105-08C0B1A6C941}.Release|x86.Build.0 = Release|Win32
		{1A6ED5CB-372F-4432-ABA7-D54657CF6E07}.Debug|x64.ActiveCfg = Debug|x64
		{1A6ED5CB-372F-4432-ABA7-D54657CF6E07}.Debug|x64.Build.0 = Debug|x64
		{1A6ED5CB-372F-4432-ABA7-D54657CF6E07}.Debug|x86.ActiveCfg = Debug|Win32
		{1A6ED5CB-372F-4432-ABA7-D54657CF6E07}.Debug|x86.Build.0 = Debug|Win32
		{1A6ED5CB-372F-4432-ABA7-D54657CF6E07}.Release|x64.ActiveCfg = Release|x64
		{1A6ED5CB-372F-4432-ABA7-D54657CF6E07}.Release|x64.Build.0 = Release|x64
		{1A6ED5CB-372F-4432-ABA7-D54657CF6E07}.Release|x86.ActiveCfg = Release|Win32
		{1A6ED5CB-372F-4432-ABA7-D54657CF6E07}.Release|x86.Build.0 = Release|Win32
		{3044DB4A-099F-47BB-B505-78F813D13E6A}.Debug|x64.ActiveCfg = Debug|x64
		{3044DB4A-099F-47BB-B505-78F813D13E6A}.Debug|x64.Build.0 = Debug|x64
		{3044DB4A-099F-47BB-B505-78F813D13E6A}.Debug|x86.ActiveCfg = Debug|Win32
		{3044DB4A-099F-47BB-B505-78F813D13E6A}.Debug|x86.Build.0 = Debug|Win32
		{3044DB4A-099F-47BB-B505-78F813D13E6A}.Release|x64.ActiveCfg = Release|x64
		{3044DB4A-099F-47BB-B505-78F813D13E6A}.Release|x64.Build.0 = Release|x64
		{3044DB4A-099F-47BB-B505-78F813D13E6A}.Release|x86.ActiveCfg = Release|Win32
		{3044DB4A-099F-47BB-B505-78F813D13E6A}.Release|x86.Build.0 = Release|Win32
		{396E8642-F39E-4818-A810-96A665EC127F}.Debug|x64.ActiveCfg = Debug|x64
		{396E8642-F39E-4818-A810-96A665EC127F}.Debug|x64.Build.0 = Debug|x64
		{396E8642-F39E-4818-A810-96A665EC127F}.Debug|x86.ActiveCfg = Debug|Win32
		{396E8642-F39E-4818-A810-96A665EC127F}.Debug|x86.Build.0 = Debug|Win32
		{396E8642-F39E-4818-A810-96A665EC127F}.Release|x64.ActiveCfg = Release|x64
		{396E8642-F39E-4818-A810-96A665EC127F}.Release|x64.Build.0 = Release|x64
		{396E8642-F39E-4818-A810-96A665EC127F}.Release|x86.ActiveCfg = Release|Win32
		{396E8642-F39E-4818-A810-96A665EC127F}.Release|x86.Build.0 = Release|Win32
		{87352EE6-9F38-4F3A-AA0C-1854051793DA}.Debug|x64.ActiveCfg = Debug|x64
		{87352EE6-9F38-4F3A-AA0C-1854051793DA}.Debug|x64.Build.0 = Debug|x64
		{87352EE6-9F38-4F3A-AA0C-1854051793DA}.Debug|x86.ActiveCfg = Debug|Win32
		{87352EE6-9F38-4F3A-AA0C-1854051793DA}.Debug|x86.Build.0 = Debug|Win32
		{87352EE6-9F38-4F3A-AA0C-1854051793DA}.Release|x64.ActiveCfg = Release|x64
		{87352EE6-9F38-4F3A-AA0C-1854051793DA}.Release|x64.Build.0 = Release|x64
		{87352EE6-9F38-4F3A-AA0C-1854051793DA}.Release|x86.ActiveCfg = Release|Win32
		{87352EE6-9F38-4F3A-AA0C-1854051793DA}.Release|x86.Build.0 = Release|Win32
	EndGlobalSection
	GlobalSection(SolutionProperties) = preSolution
		HideSolutionNode = FALSE
	EndGlobalSection
	GlobalSection(ExtensibilityGlobals) = postSolution
		SolutionGuid = {B598DB5F-EEF3-45A5-A892-0D4F3C4A6E27}
	EndGlobalSection
EndGlobal
